
Microsoft Visual Studio Solution File, Format Version 12.00
# Visual Studio Version 16
VisualStudioVersion = 16.0.29123.88
MinimumVisualStudioVersion = 10.0.40219.1
Project("{9A19103F-16F7-4668-BE54-9A1E7A4F7556}") = "UserApi", "UserApi.csproj", "{EBE65D99-80EE-4739-9A9B-E29892078023}"
EndProject
Project("{FAE04EC0-301F-11D3-BF4B-00C04F79EFBC}") = "Api.Library", "..\Api.Library\Api.Library.csproj", "{2AD52F45-8E93-4D6E-A7F0-D296E1CA7AED}"
EndProject
Global
	GlobalSection(SolutionConfigurationPlatforms) = preSolution
		Debug|Any CPU = Debug|Any CPU
		Release|Any CPU = Release|Any CPU
	EndGlobalSection
	GlobalSection(ProjectConfigurationPlatforms) = postSolution
		{EBE65D99-80EE-4739-9A9B-E29892078023}.Debug|Any CPU.ActiveCfg = Debug|Any CPU
		{EBE65D99-80EE-4739-9A9B-E29892078023}.Debug|Any CPU.Build.0 = Debug|Any CPU
		{EBE65D99-80EE-4739-9A9B-E29892078023}.Release|Any CPU.ActiveCfg = Release|Any CPU
		{EBE65D99-80EE-4739-9A9B-E29892078023}.Release|Any CPU.Build.0 = Release|Any CPU
		{2AD52F45-8E93-4D6E-A7F0-D296E1CA7AED}.Debug|Any CPU.ActiveCfg = Debug|Any CPU
		{2AD52F45-8E93-4D6E-A7F0-D296E1CA7AED}.Debug|Any CPU.Build.0 = Debug|Any CPU
		{2AD52F45-8E93-4D6E-A7F0-D296E1CA7AED}.Release|Any CPU.ActiveCfg = Release|Any CPU
		{2AD52F45-8E93-4D6E-A7F0-D296E1CA7AED}.Release|Any CPU.Build.0 = Release|Any CPU
	EndGlobalSection
	GlobalSection(SolutionProperties) = preSolution
		HideSolutionNode = FALSE
	EndGlobalSection
	GlobalSection(ExtensibilityGlobals) = postSolution
		SolutionGuid = {8A6014A0-EF87-4F85-9FDA-6560218F95F3}
	EndGlobalSection
EndGlobal
